// !$*UTF8*$!
{
	archiveVersion = 1;
	classes = {
	};
	objectVersion = 48;
	objects = {

/* Begin PBXBuildFile section */
		4502E1B11FF16198008E5FEC /* 22 in CopyFiles */ = {isa = PBXBuildFile; fileRef = 4502E1B01FF16188008E5FEC /* 22 */; };
		4502E1B31FF1619F008E5FEC /* Day22.swift in Sources */ = {isa = PBXBuildFile; fileRef = 4502E1B21FF1619F008E5FEC /* Day22.swift */; };
		4502E1B51FF286B5008E5FEC /* 23 in CopyFiles */ = {isa = PBXBuildFile; fileRef = 4502E1B41FF2869D008E5FEC /* 23 */; };
		4502E1B71FF286BC008E5FEC /* Day23.swift in Sources */ = {isa = PBXBuildFile; fileRef = 4502E1B61FF286BC008E5FEC /* Day23.swift */; };
		452DC72F1FD1483F00680215 /* main.swift in Sources */ = {isa = PBXBuildFile; fileRef = 452DC72E1FD1483F00680215 /* main.swift */; };
		452DC7361FD1489700680215 /* Day1.swift in Sources */ = {isa = PBXBuildFile; fileRef = 452DC7351FD1489700680215 /* Day1.swift */; };
		452DC73D1FD14ED400680215 /* 1 in CopyFiles */ = {isa = PBXBuildFile; fileRef = 452DC73A1FD14A8200680215 /* 1 */; };
		453467831FD58EDC004B5723 /* 4 in CopyFiles */ = {isa = PBXBuildFile; fileRef = 453467821FD58ECF004B5723 /* 4 */; };
		453467851FD58EE3004B5723 /* Day4.swift in Sources */ = {isa = PBXBuildFile; fileRef = 453467841FD58EE3004B5723 /* Day4.swift */; };
		457A22DE1FE04D70002FD9C9 /* 11 in CopyFiles */ = {isa = PBXBuildFile; fileRef = 457A22DD1FE04D53002FD9C9 /* 11 */; };
		457A22E01FE04D7A002FD9C9 /* Day11.swift in Sources */ = {isa = PBXBuildFile; fileRef = 457A22DF1FE04D7A002FD9C9 /* Day11.swift */; };
		457A22E31FE07A07002FD9C9 /* Day12.swift in Sources */ = {isa = PBXBuildFile; fileRef = 457A22E21FE07A07002FD9C9 /* Day12.swift */; };
		457A22E41FE07F17002FD9C9 /* 12 in CopyFiles */ = {isa = PBXBuildFile; fileRef = 457A22E11FE079C7002FD9C9 /* 12 */; };
		457A22E61FE1B59F002FD9C9 /* 13 in CopyFiles */ = {isa = PBXBuildFile; fileRef = 457A22E51FE1B590002FD9C9 /* 13 */; };
		457A22E81FE1B5A8002FD9C9 /* Day13.swift in Sources */ = {isa = PBXBuildFile; fileRef = 457A22E71FE1B5A8002FD9C9 /* Day13.swift */; };
		457A22EA1FE1B66C002FD9C9 /* Helpers.swift in Sources */ = {isa = PBXBuildFile; fileRef = 457A22E91FE1B66C002FD9C9 /* Helpers.swift */; };
		457C38361FE435E20008FFFA /* Day14.swift in Sources */ = {isa = PBXBuildFile; fileRef = 457C38351FE435E20008FFFA /* Day14.swift */; };
		457C38381FE438940008FFFA /* 14 in CopyFiles */ = {isa = PBXBuildFile; fileRef = 457C38371FE4388C0008FFFA /* 14 */; };
		457C383A1FEB05D20008FFFA /* Day15.swift in Sources */ = {isa = PBXBuildFile; fileRef = 457C38391FEB05D20008FFFA /* Day15.swift */; };
		457C383C1FEB0B880008FFFA /* 15 in CopyFiles */ = {isa = PBXBuildFile; fileRef = 457C383B1FEB05E70008FFFA /* 15 */; };
		457C383E1FEB162D0008FFFA /* Day16.swift in Sources */ = {isa = PBXBuildFile; fileRef = 457C383D1FEB162D0008FFFA /* Day16.swift */; };
		457C38401FEB16F70008FFFA /* 16 in CopyFiles */ = {isa = PBXBuildFile; fileRef = 457C383F1FEB16370008FFFA /* 16 */; };
		457C38431FEDB4460008FFFA /* Day19.swift in Sources */ = {isa = PBXBuildFile; fileRef = 457C38421FEDB4460008FFFA /* Day19.swift */; };
		457C38441FEDBCBA0008FFFA /* 19 in CopyFiles */ = {isa = PBXBuildFile; fileRef = 457C38411FEDB3F30008FFFA /* 19 */; };
		459CC6F41FEC06C30036CB6B /* Day17.swift in Sources */ = {isa = PBXBuildFile; fileRef = 459CC6F31FEC06C30036CB6B /* Day17.swift */; };
		459CC6F51FEC07C00036CB6B /* 17 in CopyFiles */ = {isa = PBXBuildFile; fileRef = 459CC6F21FEC06B30036CB6B /* 17 */; };
		459CC6F71FEC0F4E0036CB6B /* Day18.swift in Sources */ = {isa = PBXBuildFile; fileRef = 459CC6F61FEC0F4E0036CB6B /* Day18.swift */; };
		459CC6F91FEC110C0036CB6B /* 18 in CopyFiles */ = {isa = PBXBuildFile; fileRef = 459CC6F81FEC11030036CB6B /* 18 */; };
		45A7B2791FEFEAAD0030D0CD /* Day20.swift in Sources */ = {isa = PBXBuildFile; fileRef = 45A7B2781FEFEAAD0030D0CD /* Day20.swift */; };
		45A7B27B1FEFFAEF0030D0CD /* 20 in CopyFiles */ = {isa = PBXBuildFile; fileRef = 45A7B27A1FEFEADA0030D0CD /* 20 */; };
		45A7B27E1FF0099F0030D0CD /* Day21.swift in Sources */ = {isa = PBXBuildFile; fileRef = 45A7B27D1FF0099F0030D0CD /* Day21.swift */; };
		45A7B27F1FF009C10030D0CD /* 21 in CopyFiles */ = {isa = PBXBuildFile; fileRef = 45A7B27C1FF009910030D0CD /* 21 */; };
		45B656F01FD6993800EA1A4B /* Day5.swift in Sources */ = {isa = PBXBuildFile; fileRef = 45B656EF1FD6993800EA1A4B /* Day5.swift */; };
		45B656F21FD69B1900EA1A4B /* 5 in CopyFiles */ = {isa = PBXBuildFile; fileRef = 45B656F11FD6995200EA1A4B /* 5 */; };
		45B656F41FD8745400EA1A4B /* 6 in CopyFiles */ = {isa = PBXBuildFile; fileRef = 45B656F31FD8743800EA1A4B /* 6 */; };
		45B656F61FD8746100EA1A4B /* Day6.swift in Sources */ = {isa = PBXBuildFile; fileRef = 45B656F51FD8746100EA1A4B /* Day6.swift */; };
		45B656F91FD9C21E00EA1A4B /* Day7.swift in Sources */ = {isa = PBXBuildFile; fileRef = 45B656F81FD9C21E00EA1A4B /* Day7.swift */; };
		45B656FA1FD9C29300EA1A4B /* 7 in CopyFiles */ = {isa = PBXBuildFile; fileRef = 45B656F71FD9C1EF00EA1A4B /* 7 */; };
		45B656FC1FDB4E4500EA1A4B /* Day8.swift in Sources */ = {isa = PBXBuildFile; fileRef = 45B656FB1FDB4E4500EA1A4B /* Day8.swift */; };
		45B656FE1FDB552200EA1A4B /* 8 in CopyFiles */ = {isa = PBXBuildFile; fileRef = 45B656FD1FDB4E4D00EA1A4B /* 8 */; };
		45B657001FDBDBEB00EA1A4B /* 9 in CopyFiles */ = {isa = PBXBuildFile; fileRef = 45B656FF1FDBDBD900EA1A4B /* 9 */; };
		45B657021FDBDBF300EA1A4B /* Day9.swift in Sources */ = {isa = PBXBuildFile; fileRef = 45B657011FDBDBF300EA1A4B /* Day9.swift */; };
		45B657041FDF0A6E00EA1A4B /* Day10.swift in Sources */ = {isa = PBXBuildFile; fileRef = 45B657031FDF0A6E00EA1A4B /* Day10.swift */; };
		45B657061FDF0AA200EA1A4B /* 10 in CopyFiles */ = {isa = PBXBuildFile; fileRef = 45B657051FDF0A9B00EA1A4B /* 10 */; };
		45EEADBF1FD407FF009C0730 /* Day2.swift in Sources */ = {isa = PBXBuildFile; fileRef = 45EEADBE1FD407FF009C0730 /* Day2.swift */; };
		45EEADC11FD40A76009C0730 /* 2 in CopyFiles */ = {isa = PBXBuildFile; fileRef = 45EEADC01FD40820009C0730 /* 2 */; };
		45EEADC41FD41024009C0730 /* Day3.swift in Sources */ = {isa = PBXBuildFile; fileRef = 45EEADC31FD41024009C0730 /* Day3.swift */; };
		45EEADC51FD4102A009C0730 /* 3 in CopyFiles */ = {isa = PBXBuildFile; fileRef = 45EEADC21FD41011009C0730 /* 3 */; };
/* End PBXBuildFile section */

/* Begin PBXCopyFilesBuildPhase section */
		452DC7291FD1483F00680215 /* CopyFiles */ = {
			isa = PBXCopyFilesBuildPhase;
			buildActionMask = 12;
			dstPath = Input;
			dstSubfolderSpec = 16;
			files = (
				4502E1B51FF286B5008E5FEC /* 23 in CopyFiles */,
				4502E1B11FF16198008E5FEC /* 22 in CopyFiles */,
				45A7B27F1FF009C10030D0CD /* 21 in CopyFiles */,
				45A7B27B1FEFFAEF0030D0CD /* 20 in CopyFiles */,
				457C38441FEDBCBA0008FFFA /* 19 in CopyFiles */,
				459CC6F91FEC110C0036CB6B /* 18 in CopyFiles */,
				459CC6F51FEC07C00036CB6B /* 17 in CopyFiles */,
				457C38401FEB16F70008FFFA /* 16 in CopyFiles */,
				457C383C1FEB0B880008FFFA /* 15 in CopyFiles */,
				457C38381FE438940008FFFA /* 14 in CopyFiles */,
				457A22E61FE1B59F002FD9C9 /* 13 in CopyFiles */,
				457A22E41FE07F17002FD9C9 /* 12 in CopyFiles */,
				457A22DE1FE04D70002FD9C9 /* 11 in CopyFiles */,
				45B657061FDF0AA200EA1A4B /* 10 in CopyFiles */,
				45B657001FDBDBEB00EA1A4B /* 9 in CopyFiles */,
				45B656FE1FDB552200EA1A4B /* 8 in CopyFiles */,
				45B656FA1FD9C29300EA1A4B /* 7 in CopyFiles */,
				45B656F41FD8745400EA1A4B /* 6 in CopyFiles */,
				45B656F21FD69B1900EA1A4B /* 5 in CopyFiles */,
				453467831FD58EDC004B5723 /* 4 in CopyFiles */,
				45EEADC51FD4102A009C0730 /* 3 in CopyFiles */,
				45EEADC11FD40A76009C0730 /* 2 in CopyFiles */,
				452DC73D1FD14ED400680215 /* 1 in CopyFiles */,
			);
			runOnlyForDeploymentPostprocessing = 0;
		};
/* End PBXCopyFilesBuildPhase section */

/* Begin PBXFileReference section */
		4502E1B01FF16188008E5FEC /* 22 */ = {isa = PBXFileReference; lastKnownFileType = text; path = 22; sourceTree = "<group>"; };
		4502E1B21FF1619F008E5FEC /* Day22.swift */ = {isa = PBXFileReference; lastKnownFileType = sourcecode.swift; path = Day22.swift; sourceTree = "<group>"; };
		4502E1B41FF2869D008E5FEC /* 23 */ = {isa = PBXFileReference; lastKnownFileType = text; path = 23; sourceTree = "<group>"; };
		4502E1B61FF286BC008E5FEC /* Day23.swift */ = {isa = PBXFileReference; lastKnownFileType = sourcecode.swift; path = Day23.swift; sourceTree = "<group>"; };
		452DC72B1FD1483F00680215 /* advent-of-code-2017 */ = {isa = PBXFileReference; explicitFileType = "compiled.mach-o.executable"; includeInIndex = 0; path = "advent-of-code-2017"; sourceTree = BUILT_PRODUCTS_DIR; };
		452DC72E1FD1483F00680215 /* main.swift */ = {isa = PBXFileReference; lastKnownFileType = sourcecode.swift; path = main.swift; sourceTree = "<group>"; };
		452DC7351FD1489700680215 /* Day1.swift */ = {isa = PBXFileReference; lastKnownFileType = sourcecode.swift; path = Day1.swift; sourceTree = "<group>"; };
		452DC73A1FD14A8200680215 /* 1 */ = {isa = PBXFileReference; lastKnownFileType = text; path = 1; sourceTree = "<group>"; };
		453467821FD58ECF004B5723 /* 4 */ = {isa = PBXFileReference; lastKnownFileType = text; path = 4; sourceTree = "<group>"; };
		453467841FD58EE3004B5723 /* Day4.swift */ = {isa = PBXFileReference; lastKnownFileType = sourcecode.swift; path = Day4.swift; sourceTree = "<group>"; };
		457A22DD1FE04D53002FD9C9 /* 11 */ = {isa = PBXFileReference; lastKnownFileType = text; path = 11; sourceTree = "<group>"; };
		457A22DF1FE04D7A002FD9C9 /* Day11.swift */ = {isa = PBXFileReference; lastKnownFileType = sourcecode.swift; path = Day11.swift; sourceTree = "<group>"; };
		457A22E11FE079C7002FD9C9 /* 12 */ = {isa = PBXFileReference; lastKnownFileType = text; path = 12; sourceTree = "<group>"; };
		457A22E21FE07A07002FD9C9 /* Day12.swift */ = {isa = PBXFileReference; lastKnownFileType = sourcecode.swift; path = Day12.swift; sourceTree = "<group>"; };
		457A22E51FE1B590002FD9C9 /* 13 */ = {isa = PBXFileReference; lastKnownFileType = text; path = 13; sourceTree = "<group>"; };
		457A22E71FE1B5A8002FD9C9 /* Day13.swift */ = {isa = PBXFileReference; lastKnownFileType = sourcecode.swift; path = Day13.swift; sourceTree = "<group>"; };
		457A22E91FE1B66C002FD9C9 /* Helpers.swift */ = {isa = PBXFileReference; lastKnownFileType = sourcecode.swift; path = Helpers.swift; sourceTree = "<group>"; };
		457C38351FE435E20008FFFA /* Day14.swift */ = {isa = PBXFileReference; lastKnownFileType = sourcecode.swift; path = Day14.swift; sourceTree = "<group>"; };
		457C38371FE4388C0008FFFA /* 14 */ = {isa = PBXFileReference; lastKnownFileType = text; path = 14; sourceTree = "<group>"; };
		457C38391FEB05D20008FFFA /* Day15.swift */ = {isa = PBXFileReference; lastKnownFileType = sourcecode.swift; path = Day15.swift; sourceTree = "<group>"; };
		457C383B1FEB05E70008FFFA /* 15 */ = {isa = PBXFileReference; lastKnownFileType = text; path = 15; sourceTree = "<group>"; };
		457C383D1FEB162D0008FFFA /* Day16.swift */ = {isa = PBXFileReference; lastKnownFileType = sourcecode.swift; path = Day16.swift; sourceTree = "<group>"; };
		457C383F1FEB16370008FFFA /* 16 */ = {isa = PBXFileReference; lastKnownFileType = text; path = 16; sourceTree = "<group>"; };
		457C38411FEDB3F30008FFFA /* 19 */ = {isa = PBXFileReference; lastKnownFileType = text; path = 19; sourceTree = "<group>"; usesTabs = 0; wrapsLines = 0; };
		457C38421FEDB4460008FFFA /* Day19.swift */ = {isa = PBXFileReference; lastKnownFileType = sourcecode.swift; path = Day19.swift; sourceTree = "<group>"; };
		459CC6F21FEC06B30036CB6B /* 17 */ = {isa = PBXFileReference; lastKnownFileType = text; path = 17; sourceTree = "<group>"; };
		459CC6F31FEC06C30036CB6B /* Day17.swift */ = {isa = PBXFileReference; lastKnownFileType = sourcecode.swift; path = Day17.swift; sourceTree = "<group>"; };
		459CC6F61FEC0F4E0036CB6B /* Day18.swift */ = {isa = PBXFileReference; lastKnownFileType = sourcecode.swift; path = Day18.swift; sourceTree = "<group>"; };
		459CC6F81FEC11030036CB6B /* 18 */ = {isa = PBXFileReference; lastKnownFileType = text; path = 18; sourceTree = "<group>"; };
		45A7B2781FEFEAAD0030D0CD /* Day20.swift */ = {isa = PBXFileReference; lastKnownFileType = sourcecode.swift; path = Day20.swift; sourceTree = "<group>"; };
		45A7B27A1FEFEADA0030D0CD /* 20 */ = {isa = PBXFileReference; lastKnownFileType = text; path = 20; sourceTree = "<group>"; };
		45A7B27C1FF009910030D0CD /* 21 */ = {isa = PBXFileReference; lastKnownFileType = text; path = 21; sourceTree = "<group>"; };
		45A7B27D1FF0099F0030D0CD /* Day21.swift */ = {isa = PBXFileReference; lastKnownFileType = sourcecode.swift; path = Day21.swift; sourceTree = "<group>"; };
		45B656EF1FD6993800EA1A4B /* Day5.swift */ = {isa = PBXFileReference; lastKnownFileType = sourcecode.swift; path = Day5.swift; sourceTree = "<group>"; };
		45B656F11FD6995200EA1A4B /* 5 */ = {isa = PBXFileReference; lastKnownFileType = text; path = 5; sourceTree = "<group>"; };
		45B656F31FD8743800EA1A4B /* 6 */ = {isa = PBXFileReference; lastKnownFileType = text; path = 6; sourceTree = "<group>"; };
		45B656F51FD8746100EA1A4B /* Day6.swift */ = {isa = PBXFileReference; lastKnownFileType = sourcecode.swift; path = Day6.swift; sourceTree = "<group>"; };
		45B656F71FD9C1EF00EA1A4B /* 7 */ = {isa = PBXFileReference; lastKnownFileType = text; path = 7; sourceTree = "<group>"; };
		45B656F81FD9C21E00EA1A4B /* Day7.swift */ = {isa = PBXFileReference; lastKnownFileType = sourcecode.swift; path = Day7.swift; sourceTree = "<group>"; };
		45B656FB1FDB4E4500EA1A4B /* Day8.swift */ = {isa = PBXFileReference; lastKnownFileType = sourcecode.swift; path = Day8.swift; sourceTree = "<group>"; };
		45B656FD1FDB4E4D00EA1A4B /* 8 */ = {isa = PBXFileReference; lastKnownFileType = text; path = 8; sourceTree = "<group>"; };
		45B656FF1FDBDBD900EA1A4B /* 9 */ = {isa = PBXFileReference; lastKnownFileType = text; path = 9; sourceTree = "<group>"; };
		45B657011FDBDBF300EA1A4B /* Day9.swift */ = {isa = PBXFileReference; lastKnownFileType = sourcecode.swift; path = Day9.swift; sourceTree = "<group>"; };
		45B657031FDF0A6E00EA1A4B /* Day10.swift */ = {isa = PBXFileReference; lastKnownFileType = sourcecode.swift; path = Day10.swift; sourceTree = "<group>"; };
		45B657051FDF0A9B00EA1A4B /* 10 */ = {isa = PBXFileReference; lastKnownFileType = text; path = 10; sourceTree = "<group>"; };
		45EEADBE1FD407FF009C0730 /* Day2.swift */ = {isa = PBXFileReference; lastKnownFileType = sourcecode.swift; path = Day2.swift; sourceTree = "<group>"; };
		45EEADC01FD40820009C0730 /* 2 */ = {isa = PBXFileReference; lastKnownFileType = text; path = 2; sourceTree = "<group>"; };
		45EEADC21FD41011009C0730 /* 3 */ = {isa = PBXFileReference; lastKnownFileType = text; path = 3; sourceTree = "<group>"; };
		45EEADC31FD41024009C0730 /* Day3.swift */ = {isa = PBXFileReference; lastKnownFileType = sourcecode.swift; path = Day3.swift; sourceTree = "<group>"; };
/* End PBXFileReference section */

/* Begin PBXFrameworksBuildPhase section */
		452DC7281FD1483F00680215 /* Frameworks */ = {
			isa = PBXFrameworksBuildPhase;
			buildActionMask = 2147483647;
			files = (
			);
			runOnlyForDeploymentPostprocessing = 0;
		};
/* End PBXFrameworksBuildPhase section */

/* Begin PBXGroup section */
		452DC7221FD1483F00680215 = {
			isa = PBXGroup;
			children = (
				452DC72D1FD1483F00680215 /* advent-of-code-2017 */,
				452DC72C1FD1483F00680215 /* Products */,
			);
			sourceTree = "<group>";
		};
		452DC72C1FD1483F00680215 /* Products */ = {
			isa = PBXGroup;
			children = (
				452DC72B1FD1483F00680215 /* advent-of-code-2017 */,
			);
			name = Products;
			sourceTree = "<group>";
		};
		452DC72D1FD1483F00680215 /* advent-of-code-2017 */ = {
			isa = PBXGroup;
			children = (
				452DC7371FD1489F00680215 /* Days */,
				452DC7391FD14A7400680215 /* Input */,
				452DC72E1FD1483F00680215 /* main.swift */,
				457A22E91FE1B66C002FD9C9 /* Helpers.swift */,
			);
			path = "advent-of-code-2017";
			sourceTree = "<group>";
		};
		452DC7371FD1489F00680215 /* Days */ = {
			isa = PBXGroup;
			children = (
				452DC7351FD1489700680215 /* Day1.swift */,
				45EEADBE1FD407FF009C0730 /* Day2.swift */,
				45EEADC31FD41024009C0730 /* Day3.swift */,
				453467841FD58EE3004B5723 /* Day4.swift */,
				45B656EF1FD6993800EA1A4B /* Day5.swift */,
				45B656F51FD8746100EA1A4B /* Day6.swift */,
				45B656F81FD9C21E00EA1A4B /* Day7.swift */,
				45B656FB1FDB4E4500EA1A4B /* Day8.swift */,
				45B657011FDBDBF300EA1A4B /* Day9.swift */,
				45B657031FDF0A6E00EA1A4B /* Day10.swift */,
				457A22DF1FE04D7A002FD9C9 /* Day11.swift */,
				457A22E21FE07A07002FD9C9 /* Day12.swift */,
				457A22E71FE1B5A8002FD9C9 /* Day13.swift */,
				457C38351FE435E20008FFFA /* Day14.swift */,
				457C38391FEB05D20008FFFA /* Day15.swift */,
				457C383D1FEB162D0008FFFA /* Day16.swift */,
				459CC6F31FEC06C30036CB6B /* Day17.swift */,
				459CC6F61FEC0F4E0036CB6B /* Day18.swift */,
				457C38421FEDB4460008FFFA /* Day19.swift */,
				45A7B2781FEFEAAD0030D0CD /* Day20.swift */,
				45A7B27D1FF0099F0030D0CD /* Day21.swift */,
				4502E1B21FF1619F008E5FEC /* Day22.swift */,
				4502E1B61FF286BC008E5FEC /* Day23.swift */,
			);
			path = Days;
			sourceTree = "<group>";
		};
		452DC7391FD14A7400680215 /* Input */ = {
			isa = PBXGroup;
			children = (
				452DC73A1FD14A8200680215 /* 1 */,
				45EEADC01FD40820009C0730 /* 2 */,
				45EEADC21FD41011009C0730 /* 3 */,
				453467821FD58ECF004B5723 /* 4 */,
				45B656F11FD6995200EA1A4B /* 5 */,
				45B656F31FD8743800EA1A4B /* 6 */,
				45B656F71FD9C1EF00EA1A4B /* 7 */,
				45B656FD1FDB4E4D00EA1A4B /* 8 */,
				45B656FF1FDBDBD900EA1A4B /* 9 */,
				45B657051FDF0A9B00EA1A4B /* 10 */,
				457A22DD1FE04D53002FD9C9 /* 11 */,
				457A22E11FE079C7002FD9C9 /* 12 */,
				457A22E51FE1B590002FD9C9 /* 13 */,
				457C38371FE4388C0008FFFA /* 14 */,
				457C383B1FEB05E70008FFFA /* 15 */,
				457C383F1FEB16370008FFFA /* 16 */,
				459CC6F21FEC06B30036CB6B /* 17 */,
				459CC6F81FEC11030036CB6B /* 18 */,
				457C38411FEDB3F30008FFFA /* 19 */,
				45A7B27A1FEFEADA0030D0CD /* 20 */,
				45A7B27C1FF009910030D0CD /* 21 */,
				4502E1B01FF16188008E5FEC /* 22 */,
				4502E1B41FF2869D008E5FEC /* 23 */,
			);
			path = Input;
			sourceTree = "<group>";
		};
/* End PBXGroup section */

/* Begin PBXNativeTarget section */
		452DC72A1FD1483F00680215 /* advent-of-code-2017 */ = {
			isa = PBXNativeTarget;
			buildConfigurationList = 452DC7321FD1483F00680215 /* Build configuration list for PBXNativeTarget "advent-of-code-2017" */;
			buildPhases = (
				452DC7271FD1483F00680215 /* Sources */,
				452DC7281FD1483F00680215 /* Frameworks */,
				452DC7291FD1483F00680215 /* CopyFiles */,
			);
			buildRules = (
			);
			dependencies = (
			);
			name = "advent-of-code-2017";
			productName = "advent-of-code-2017";
			productReference = 452DC72B1FD1483F00680215 /* advent-of-code-2017 */;
			productType = "com.apple.product-type.tool";
		};
/* End PBXNativeTarget section */

/* Begin PBXProject section */
		452DC7231FD1483F00680215 /* Project object */ = {
			isa = PBXProject;
			attributes = {
				LastSwiftUpdateCheck = 0910;
				LastUpgradeCheck = 0910;
				ORGANIZATIONNAME = "sonderby Inc.";
				TargetAttributes = {
					452DC72A1FD1483F00680215 = {
						CreatedOnToolsVersion = 9.1;
						ProvisioningStyle = Automatic;
					};
				};
			};
			buildConfigurationList = 452DC7261FD1483F00680215 /* Build configuration list for PBXProject "advent-of-code-2017" */;
			compatibilityVersion = "Xcode 8.0";
			developmentRegion = en;
			hasScannedForEncodings = 0;
			knownRegions = (
				en,
			);
			mainGroup = 452DC7221FD1483F00680215;
			productRefGroup = 452DC72C1FD1483F00680215 /* Products */;
			projectDirPath = "";
			projectRoot = "";
			targets = (
				452DC72A1FD1483F00680215 /* advent-of-code-2017 */,
			);
		};
/* End PBXProject section */

/* Begin PBXSourcesBuildPhase section */
		452DC7271FD1483F00680215 /* Sources */ = {
			isa = PBXSourcesBuildPhase;
			buildActionMask = 2147483647;
			files = (
				452DC7361FD1489700680215 /* Day1.swift in Sources */,
				457C383A1FEB05D20008FFFA /* Day15.swift in Sources */,
				4502E1B71FF286BC008E5FEC /* Day23.swift in Sources */,
				45A7B2791FEFEAAD0030D0CD /* Day20.swift in Sources */,
				457C383E1FEB162D0008FFFA /* Day16.swift in Sources */,
				453467851FD58EE3004B5723 /* Day4.swift in Sources */,
				457A22E81FE1B5A8002FD9C9 /* Day13.swift in Sources */,
				457A22E01FE04D7A002FD9C9 /* Day11.swift in Sources */,
				45B656F91FD9C21E00EA1A4B /* Day7.swift in Sources */,
				4502E1B31FF1619F008E5FEC /* Day22.swift in Sources */,
				45EEADBF1FD407FF009C0730 /* Day2.swift in Sources */,
				459CC6F41FEC06C30036CB6B /* Day17.swift in Sources */,
				45EEADC41FD41024009C0730 /* Day3.swift in Sources */,
				45B656F01FD6993800EA1A4B /* Day5.swift in Sources */,
				45B657021FDBDBF300EA1A4B /* Day9.swift in Sources */,
				457C38361FE435E20008FFFA /* Day14.swift in Sources */,
				45B657041FDF0A6E00EA1A4B /* Day10.swift in Sources */,
				457A22E31FE07A07002FD9C9 /* Day12.swift in Sources */,
				45B656F61FD8746100EA1A4B /* Day6.swift in Sources */,
				457C38431FEDB4460008FFFA /* Day19.swift in Sources */,
				45A7B27E1FF0099F0030D0CD /* Day21.swift in Sources */,
				45B656FC1FDB4E4500EA1A4B /* Day8.swift in Sources */,
				459CC6F71FEC0F4E0036CB6B /* Day18.swift in Sources */,
				457A22EA1FE1B66C002FD9C9 /* Helpers.swift in Sources */,
				452DC72F1FD1483F00680215 /* main.swift in Sources */,
			);
			runOnlyForDeploymentPostprocessing = 0;
		};
/* End PBXSourcesBuildPhase section */

/* Begin XCBuildConfiguration section */
		452DC7301FD1483F00680215 /* Debug */ = {
			isa = XCBuildConfiguration;
			buildSettings = {
				ALWAYS_SEARCH_USER_PATHS = NO;
				CLANG_ANALYZER_NONNULL = YES;
				CLANG_ANALYZER_NUMBER_OBJECT_CONVERSION = YES_AGGRESSIVE;
				CLANG_CXX_LANGUAGE_STANDARD = "gnu++14";
				CLANG_CXX_LIBRARY = "libc++";
				CLANG_ENABLE_MODULES = YES;
				CLANG_ENABLE_OBJC_ARC = YES;
				CLANG_WARN_BLOCK_CAPTURE_AUTORELEASING = YES;
				CLANG_WARN_BOOL_CONVERSION = YES;
				CLANG_WARN_COMMA = YES;
				CLANG_WARN_CONSTANT_CONVERSION = YES;
				CLANG_WARN_DIRECT_OBJC_ISA_USAGE = YES_ERROR;
				CLANG_WARN_DOCUMENTATION_COMMENTS = YES;
				CLANG_WARN_EMPTY_BODY = YES;
				CLANG_WARN_ENUM_CONVERSION = YES;
				CLANG_WARN_INFINITE_RECURSION = YES;
				CLANG_WARN_INT_CONVERSION = YES;
				CLANG_WARN_NON_LITERAL_NULL_CONVERSION = YES;
				CLANG_WARN_OBJC_LITERAL_CONVERSION = YES;
				CLANG_WARN_OBJC_ROOT_CLASS = YES_ERROR;
				CLANG_WARN_RANGE_LOOP_ANALYSIS = YES;
				CLANG_WARN_STRICT_PROTOTYPES = YES;
				CLANG_WARN_SUSPICIOUS_MOVE = YES;
				CLANG_WARN_UNGUARDED_AVAILABILITY = YES_AGGRESSIVE;
				CLANG_WARN_UNREACHABLE_CODE = YES;
				CLANG_WARN__DUPLICATE_METHOD_MATCH = YES;
				CODE_SIGN_IDENTITY = "Mac Developer";
				COPY_PHASE_STRIP = NO;
				DEBUG_INFORMATION_FORMAT = dwarf;
				ENABLE_STRICT_OBJC_MSGSEND = YES;
				ENABLE_TESTABILITY = YES;
				GCC_C_LANGUAGE_STANDARD = gnu11;
				GCC_DYNAMIC_NO_PIC = NO;
				GCC_NO_COMMON_BLOCKS = YES;
				GCC_OPTIMIZATION_LEVEL = 0;
				GCC_PREPROCESSOR_DEFINITIONS = (
					"DEBUG=1",
					"$(inherited)",
				);
				GCC_WARN_64_TO_32_BIT_CONVERSION = YES;
				GCC_WARN_ABOUT_RETURN_TYPE = YES_ERROR;
				GCC_WARN_UNDECLARED_SELECTOR = YES;
				GCC_WARN_UNINITIALIZED_AUTOS = YES_AGGRESSIVE;
				GCC_WARN_UNUSED_FUNCTION = YES;
				GCC_WARN_UNUSED_VARIABLE = YES;
				MACOSX_DEPLOYMENT_TARGET = 10.13;
				MTL_ENABLE_DEBUG_INFO = YES;
				ONLY_ACTIVE_ARCH = YES;
				SDKROOT = macosx;
				SWIFT_ACTIVE_COMPILATION_CONDITIONS = DEBUG;
				SWIFT_OPTIMIZATION_LEVEL = "-Onone";
			};
			name = Debug;
		};
		452DC7311FD1483F00680215 /* Release */ = {
			isa = XCBuildConfiguration;
			buildSettings = {
				ALWAYS_SEARCH_USER_PATHS = NO;
				CLANG_ANALYZER_NONNULL = YES;
				CLANG_ANALYZER_NUMBER_OBJECT_CONVERSION = YES_AGGRESSIVE;
				CLANG_CXX_LANGUAGE_STANDARD = "gnu++14";
				CLANG_CXX_LIBRARY = "libc++";
				CLANG_ENABLE_MODULES = YES;
				CLANG_ENABLE_OBJC_ARC = YES;
				CLANG_WARN_BLOCK_CAPTURE_AUTORELEASING = YES;
				CLANG_WARN_BOOL_CONVERSION = YES;
				CLANG_WARN_COMMA = YES;
				CLANG_WARN_CONSTANT_CONVERSION = YES;
				CLANG_WARN_DIRECT_OBJC_ISA_USAGE = YES_ERROR;
				CLANG_WARN_DOCUMENTATION_COMMENTS = YES;
				CLANG_WARN_EMPTY_BODY = YES;
				CLANG_WARN_ENUM_CONVERSION = YES;
				CLANG_WARN_INFINITE_RECURSION = YES;
				CLANG_WARN_INT_CONVERSION = YES;
				CLANG_WARN_NON_LITERAL_NULL_CONVERSION = YES;
				CLANG_WARN_OBJC_LITERAL_CONVERSION = YES;
				CLANG_WARN_OBJC_ROOT_CLASS = YES_ERROR;
				CLANG_WARN_RANGE_LOOP_ANALYSIS = YES;
				CLANG_WARN_STRICT_PROTOTYPES = YES;
				CLANG_WARN_SUSPICIOUS_MOVE = YES;
				CLANG_WARN_UNGUARDED_AVAILABILITY = YES_AGGRESSIVE;
				CLANG_WARN_UNREACHABLE_CODE = YES;
				CLANG_WARN__DUPLICATE_METHOD_MATCH = YES;
				CODE_SIGN_IDENTITY = "Mac Developer";
				COPY_PHASE_STRIP = NO;
				DEBUG_INFORMATION_FORMAT = "dwarf-with-dsym";
				ENABLE_NS_ASSERTIONS = NO;
				ENABLE_STRICT_OBJC_MSGSEND = YES;
				GCC_C_LANGUAGE_STANDARD = gnu11;
				GCC_NO_COMMON_BLOCKS = YES;
				GCC_WARN_64_TO_32_BIT_CONVERSION = YES;
				GCC_WARN_ABOUT_RETURN_TYPE = YES_ERROR;
				GCC_WARN_UNDECLARED_SELECTOR = YES;
				GCC_WARN_UNINITIALIZED_AUTOS = YES_AGGRESSIVE;
				GCC_WARN_UNUSED_FUNCTION = YES;
				GCC_WARN_UNUSED_VARIABLE = YES;
				MACOSX_DEPLOYMENT_TARGET = 10.13;
				MTL_ENABLE_DEBUG_INFO = NO;
				SDKROOT = macosx;
				SWIFT_OPTIMIZATION_LEVEL = "-Owholemodule";
			};
			name = Release;
		};
		452DC7331FD1483F00680215 /* Debug */ = {
			isa = XCBuildConfiguration;
			buildSettings = {
				CODE_SIGN_STYLE = Automatic;
				DEVELOPMENT_TEAM = P5PVXSYEYU;
				OTHER_LDFLAGS = "-Wl,-stack_size,10000000";
				PRODUCT_NAME = "$(TARGET_NAME)";
				SWIFT_VERSION = 4.0;
			};
			name = Debug;
		};
		452DC7341FD1483F00680215 /* Release */ = {
			isa = XCBuildConfiguration;
			buildSettings = {
				CODE_SIGN_STYLE = Automatic;
				DEVELOPMENT_TEAM = P5PVXSYEYU;
				OTHER_LDFLAGS = "-Wl,-stack_size,10000000";
				PRODUCT_NAME = "$(TARGET_NAME)";
				SWIFT_VERSION = 4.0;
			};
			name = Release;
		};
/* End XCBuildConfiguration section */

/* Begin XCConfigurationList section */
		452DC7261FD1483F00680215 /* Build configuration list for PBXProject "advent-of-code-2017" */ = {
			isa = XCConfigurationList;
			buildConfigurations = (
				452DC7301FD1483F00680215 /* Debug */,
				452DC7311FD1483F00680215 /* Release */,
			);
			defaultConfigurationIsVisible = 0;
			defaultConfigurationName = Release;
		};
		452DC7321FD1483F00680215 /* Build configuration list for PBXNativeTarget "advent-of-code-2017" */ = {
			isa = XCConfigurationList;
			buildConfigurations = (
				452DC7331FD1483F00680215 /* Debug */,
				452DC7341FD1483F00680215 /* Release */,
			);
			defaultConfigurationIsVisible = 0;
			defaultConfigurationName = Release;
		};
/* End XCConfigurationList section */
	};
	rootObject = 452DC7231FD1483F00680215 /* Project object */;
}
